PODS:
  - ACAlertController (1.0.0)
  - AFNetworking (3.2.1):
    - AFNetworking/NSURLSession (= 3.2.1)
    - AFNetworking/Reachability (= 3.2.1)
    - AFNetworking/Security (= 3.2.1)
    - AFNetworking/Serialization (= 3.2.1)
    - AFNetworking/UIKit (= 3.2.1)
  - AFNetworking/NSURLSession (3.2.1):
    - AFNetworking/Reachability
    - AFNetworking/Security
    - AFNetworking/Serialization
  - AFNetworking/Reachability (3.2.1)
  - AFNetworking/Security (3.2.1)
  - AFNetworking/Serialization (3.2.1)
  - AFNetworking/UIKit (3.2.1):
    - AFNetworking/NSURLSession
  - CocoaSecurity (1.2.4)
  - DACircularProgress (2.3.1)
  - FBRetainCycleDetector (0.1.4)
  - FLAnimatedImage (1.0.12)
  - FMDB (2.7.2):
    - FMDB/standard (= 2.7.2)
  - FMDB/standard (2.7.2)
  - IQKeyboardManager (6.0.3)
  - JSONModel (1.7.0)
  - Masonry (0.6.4)
  - MBProgressHUD (0.9.2)
  - MJRefresh (3.1.15.3)
  - MLeaksFinder (1.0.0):
    - FBRetainCycleDetector
  - MWPhotoBrowser (2.1.2):
    - DACircularProgress (~> 2.3)
    - MBProgressHUD (~> 0.9)
    - "SDWebImage (!= 3.7.2, ~> 3.7)"
  - SAMKeychain (1.5.3)
  - SDWebImage (3.8.2):
    - SDWebImage/Core (= 3.8.2)
  - SDWebImage/Core (3.8.2)
  - TZImagePickerController (1.7.9)
  - "UITableView+FDTemplateLayoutCell (1.6)"
  - XHLaunchAd (3.9.7):
    - FLAnimatedImage (~> 1.0.12)

DEPENDENCIES:
  - ACAlertController
  - AFNetworking (~> 3.0)
  - CocoaSecurity
  - FMDB
  - IQKeyboardManager
  - JSONModel
  - Masonry (~> 0.6.4)
  - MBProgressHUD (~> 0.9.2)
  - MJRefresh
  - MLeaksFinder
  - MWPhotoBrowser (~> 2.1.2)
  - SAMKeychain
  - SDWebImage
  - TZImagePickerController (~> 1.7.9)
  - "UITableView+FDTemplateLayoutCell (~> 1.6)"
  - XHLaunchAd

SPEC REPOS:
  https://github.com/cocoapods/specs.git:
    - ACAlertController
    - AFNetworking
    - CocoaSecurity
    - DACircularProgress
    - FBRetainCycleDetector
    - FLAnimatedImage
    - FMDB
    - IQKeyboardManager
    - JSONModel
    - Masonry
    - MBProgressHUD
    - MJRefresh
    - MLeaksFinder
    - MWPhotoBrowser
    - SAMKeychain
    - SDWebImage
    - TZImagePickerController
    - "UITableView+FDTemplateLayoutCell"
    - XHLaunchAd

SPEC CHECKSUMS:
  ACAlertController: 10f0455c3e1691a6197b5cd0d96d6f9a03c82763
  AFNetworking: b6f891fdfaed196b46c7a83cf209e09697b94057
  CocoaSecurity: d288a6f87e0f363823d2cb83e753814a6944f71a
  DACircularProgress: 4dd437c0fc3da5161cb289e07ac449493d41db71
  FBRetainCycleDetector: 46f8179bbb1c587deee3ea838a1a3ee02acf5015
  FLAnimatedImage: 4a0b56255d9b05f18b6dd7ee06871be5d3b89e31
  FMDB: 6198a90e7b6900cfc046e6bc0ef6ebb7be9236aa
  IQKeyboardManager: c390e612f4b98c8fd748016470138537dc163ead
  JSONModel: 840bc0fcffb24b8454d2c026bf26fea454b8e98d
  Masonry: 281802d04d787ea2973179ee8bcb50500579ede2
  MBProgressHUD: 1569cf7ace17a8bac47aabfbb8580a49690386d1
  MJRefresh: b48380ae2b927b46c4ef000de9adb8dc748e1df7
  MLeaksFinder: 8c435bd2f6d070af18cff082b503b21adc130fc0
  MWPhotoBrowser: 5836d7aa041dc05a13de380c246826578adc5ea5
  SAMKeychain: 483e1c9f32984d50ca961e26818a534283b4cd5c
  SDWebImage: 098e97e6176540799c27e804c96653ee0833d13c
  TZImagePickerController: 0a8ff228d287ebdd7d485e8c42a2a932894f1fba
  "UITableView+FDTemplateLayoutCell": 5c949b4a5059c404b442926c0e80f81d10a2d66f
  XHLaunchAd: 0dc50c5af00ee5d9e734b9dce6eece7acaa71122

PODFILE CHECKSUM: e4f443b8bb02a4b9277331c2724e5abbf108ac51

COCOAPODS: 1.5.3
